
Microsoft Visual Studio Solution File, Format Version 12.00
# Visual Studio 15
VisualStudioVersion = 15.0.28307.645
MinimumVisualStudioVersion = 10.0.40219.1
Project("{FAE04EC0-301F-11D3-BF4B-00C04F79EFBC}") = "TCPServer", "TCPServer\TCPServer.csproj", "{AF05161D-8299-4351-AD61-53E4A8816FB1}"
EndProject
Project("{FAE04EC0-301F-11D3-BF4B-00C04F79EFBC}") = "TCPClient", "TCPClient\TCPClient.csproj", "{06FEB09D-AC7F-4448-AB4A-054605D05CBE}"
EndProject
Global
	GlobalSection(SolutionConfigurationPlatforms) = preSolution
		Debug|Any CPU = Debug|Any CPU
		Debug|x64 = Debug|x64
		Debug|x86 = Debug|x86
		Release|Any CPU = Release|Any CPU
		Release|x64 = Release|x64
		Release|x86 = Release|x86
	EndGlobalSection
	GlobalSection(ProjectConfigurationPlatforms) = postSolution
		{AF05161D-8299-4351-AD61-53E4A8816FB1}.Debug|Any CPU.ActiveCfg = Debug|Any CPU
		{AF05161D-8299-4351-AD61-53E4A8816FB1}.Debug|Any CPU.Build.0 = Debug|Any CPU
		{AF05161D-8299-4351-AD61-53E4A8816FB1}.Debug|x64.ActiveCfg = Debug|Any CPU
		{AF05161D-8299-4351-AD61-53E4A8816FB1}.Debug|x64.Build.0 = Debug|Any CPU
		{AF05161D-8299-4351-AD61-53E4A8816FB1}.Debug|x86.ActiveCfg = Debug|Any CPU
		{AF05161D-8299-4351-AD61-53E4A8816FB1}.Debug|x86.Build.0 = Debug|Any CPU
		{AF05161D-8299-4351-AD61-53E4A8816FB1}.Release|Any CPU.ActiveCfg = Release|Any CPU
		{AF05161D-8299-4351-AD61-53E4A8816FB1}.Release|Any CPU.Build.0 = Release|Any CPU
		{AF05161D-8299-4351-AD61-53E4A8816FB1}.Release|x64.ActiveCfg = Release|Any CPU
		{AF05161D-8299-4351-AD61-53E4A8816FB1}.Release|x64.Build.0 = Release|Any CPU
		{AF05161D-8299-4351-AD61-53E4A8816FB1}.Release|x86.ActiveCfg = Release|Any CPU
		{AF05161D-8299-4351-AD61-53E4A8816FB1}.Release|x86.Build.0 = Release|Any CPU
		{06FEB09D-AC7F-4448-AB4A-054605D05CBE}.Debug|Any CPU.ActiveCfg = Debug|Any CPU
		{06FEB09D-AC7F-4448-AB4A-054605D05CBE}.Debug|Any CPU.Build.0 = Debug|Any CPU
		{06FEB09D-AC7F-4448-AB4A-054605D05CBE}.Debug|x64.ActiveCfg = Debug|Any CPU
		{06FEB09D-AC7F-4448-AB4A-054605D05CBE}.Debug|x64.Build.0 = Debug|Any CPU
		{06FEB09D-AC7F-4448-AB4A-054605D05CBE}.Debug|x86.ActiveCfg = Debug|Any CPU
		{06FEB09D-AC7F-4448-AB4A-054605D05CBE}.Debug|x86.Build.0 = Debug|Any CPU
		{06FEB09D-AC7F-4448-AB4A-054605D05CBE}.Release|Any CPU.ActiveCfg = Release|Any CPU
		{06FEB09D-AC7F-4448-AB4A-054605D05CBE}.Release|Any CPU.Build.0 = Release|Any CPU
		{06FEB09D-AC7F-4448-AB4A-054605D05CBE}.Release|x64.ActiveCfg = Release|Any CPU
		{06FEB09D-AC7F-4448-AB4A-054605D05CBE}.Release|x64.Build.0 = Release|Any CPU
		{06FEB09D-AC7F-4448-AB4A-054605D05CBE}.Release|x86.ActiveCfg = Release|Any CPU
		{06FEB09D-AC7F-4448-AB4A-054605D05CBE}.Release|x86.Build.0 = Release|Any CPU
	EndGlobalSection
	GlobalSection(SolutionProperties) = preSolution
		HideSolutionNode = FALSE
	EndGlobalSection
	GlobalSection(ExtensibilityGlobals) = postSolution
		SolutionGuid = {7A18D359-9CDF-414A-A9AD-1F4CD3F5A645}
	EndGlobalSection
EndGlobal
